// !$*UTF8*$!
{
	archiveVersion = 1;
	classes = {
	};
	objectVersion = 48;
	objects = {

/* Begin PBXBuildFile section */
		AC3DA7261FCCB99C00701CCC /* AppDelegate.m in Sources */ = {isa = PBXBuildFile; fileRef = AC3DA7251FCCB99C00701CCC /* AppDelegate.m */; };
		AC3DA7291FCCB99C00701CCC /* ViewController.m in Sources */ = {isa = PBXBuildFile; fileRef = AC3DA7281FCCB99C00701CCC /* ViewController.m */; };
		AC3DA72B1FCCB99C00701CCC /* Assets.xcassets in Resources */ = {isa = PBXBuildFile; fileRef = AC3DA72A1FCCB99C00701CCC /* Assets.xcassets */; };
		AC3DA72E1FCCB99C00701CCC /* Main.storyboard in Resources */ = {isa = PBXBuildFile; fileRef = AC3DA72C1FCCB99C00701CCC /* Main.storyboard */; };
		AC3DA7311FCCB99C00701CCC /* main.m in Sources */ = {isa = PBXBuildFile; fileRef = AC3DA7301FCCB99C00701CCC /* main.m */; };
		AC3DA73A1FCCBB7C00701CCC /* Initialization.m in Sources */ = {isa = PBXBuildFile; fileRef = AC3DA7391FCCBB7C00701CCC /* Initialization.m */; };
		AC3DA73C1FCCC2EF00701CCC /* Settings.plist in Resources */ = {isa = PBXBuildFile; fileRef = AC3DA73B1FCCC2EF00701CCC /* Settings.plist */; };
		ACDC71B51FD6E52C004EFCBB /* DescriptionTableCellView.m in Sources */ = {isa = PBXBuildFile; fileRef = ACDC71B41FD6E52C004EFCBB /* DescriptionTableCellView.m */; };
		ACDC71B81FD6E9EA004EFCBB /* CheckBoxTableCellView.m in Sources */ = {isa = PBXBuildFile; fileRef = ACDC71B71FD6E9EA004EFCBB /* CheckBoxTableCellView.m */; };
		ACDC71BB1FD6F448004EFCBB /* PopUpTableCellView.m in Sources */ = {isa = PBXBuildFile; fileRef = ACDC71BA1FD6F448004EFCBB /* PopUpTableCellView.m */; };
/* End PBXBuildFile section */

/* Begin PBXFileReference section */
		AC3DA7211FCCB99C00701CCC /* Nice Shot.app */ = {isa = PBXFileReference; explicitFileType = wrapper.application; includeInIndex = 0; path = "Nice Shot.app"; sourceTree = BUILT_PRODUCTS_DIR; };
		AC3DA7241FCCB99C00701CCC /* AppDelegate.h */ = {isa = PBXFileReference; lastKnownFileType = sourcecode.c.h; path = AppDelegate.h; sourceTree = "<group>"; };
		AC3DA7251FCCB99C00701CCC /* AppDelegate.m */ = {isa = PBXFileReference; lastKnownFileType = sourcecode.c.objc; path = AppDelegate.m; sourceTree = "<group>"; };
		AC3DA7271FCCB99C00701CCC /* ViewController.h */ = {isa = PBXFileReference; lastKnownFileType = sourcecode.c.h; path = ViewController.h; sourceTree = "<group>"; };
		AC3DA7281FCCB99C00701CCC /* ViewController.m */ = {isa = PBXFileReference; lastKnownFileType = sourcecode.c.objc; path = ViewController.m; sourceTree = "<group>"; };
		AC3DA72A1FCCB99C00701CCC /* Assets.xcassets */ = {isa = PBXFileReference; lastKnownFileType = folder.assetcatalog; path = Assets.xcassets; sourceTree = "<group>"; };
		AC3DA72D1FCCB99C00701CCC /* Base */ = {isa = PBXFileReference; lastKnownFileType = file.storyboard; name = Base; path = Base.lproj/Main.storyboard; sourceTree = "<group>"; };
		AC3DA72F1FCCB99C00701CCC /* Info.plist */ = {isa = PBXFileReference; lastKnownFileType = text.plist.xml; path = Info.plist; sourceTree = "<group>"; };
		AC3DA7301FCCB99C00701CCC /* main.m */ = {isa = PBXFileReference; lastKnownFileType = sourcecode.c.objc; path = main.m; sourceTree = "<group>"; };
		AC3DA7381FCCBB7C00701CCC /* Initialization.h */ = {isa = PBXFileReference; lastKnownFileType = sourcecode.c.h; path = Initialization.h; sourceTree = "<group>"; };
		AC3DA7391FCCBB7C00701CCC /* Initialization.m */ = {isa = PBXFileReference; lastKnownFileType = sourcecode.c.objc; path = Initialization.m; sourceTree = "<group>"; };
		AC3DA73B1FCCC2EF00701CCC /* Settings.plist */ = {isa = PBXFileReference; lastKnownFileType = text.plist.xml; path = Settings.plist; sourceTree = "<group>"; };
		ACDC71B31FD6E52C004EFCBB /* DescriptionTableCellView.h */ = {isa = PBXFileReference; lastKnownFileType = sourcecode.c.h; path = DescriptionTableCellView.h; sourceTree = "<group>"; };
		ACDC71B41FD6E52C004EFCBB /* DescriptionTableCellView.m */ = {isa = PBXFileReference; lastKnownFileType = sourcecode.c.objc; path = DescriptionTableCellView.m; sourceTree = "<group>"; };
		ACDC71B61FD6E9EA004EFCBB /* CheckBoxTableCellView.h */ = {isa = PBXFileReference; lastKnownFileType = sourcecode.c.h; path = CheckBoxTableCellView.h; sourceTree = "<group>"; };
		ACDC71B71FD6E9EA004EFCBB /* CheckBoxTableCellView.m */ = {isa = PBXFileReference; lastKnownFileType = sourcecode.c.objc; path = CheckBoxTableCellView.m; sourceTree = "<group>"; };
		ACDC71B91FD6F448004EFCBB /* PopUpTableCellView.h */ = {isa = PBXFileReference; lastKnownFileType = sourcecode.c.h; path = PopUpTableCellView.h; sourceTree = "<group>"; };
		ACDC71BA1FD6F448004EFCBB /* PopUpTableCellView.m */ = {isa = PBXFileReference; lastKnownFileType = sourcecode.c.objc; path = PopUpTableCellView.m; sourceTree = "<group>"; };
/* End PBXFileReference section */

/* Begin PBXFrameworksBuildPhase section */
		AC3DA71E1FCCB99C00701CCC /* Frameworks */ = {
			isa = PBXFrameworksBuildPhase;
			buildActionMask = 2147483647;
			files = (
			);
			runOnlyForDeploymentPostprocessing = 0;
		};
/* End PBXFrameworksBuildPhase section */

/* Begin PBXGroup section */
		AC3DA7181FCCB99C00701CCC = {
			isa = PBXGroup;
			children = (
				AC3DA7231FCCB99C00701CCC /* Nice Shot */,
				AC3DA7221FCCB99C00701CCC /* Products */,
			);
			sourceTree = "<group>";
		};
		AC3DA7221FCCB99C00701CCC /* Products */ = {
			isa = PBXGroup;
			children = (
				AC3DA7211FCCB99C00701CCC /* Nice Shot.app */,
			);
			name = Products;
			sourceTree = "<group>";
		};
		AC3DA7231FCCB99C00701CCC /* Nice Shot */ = {
			isa = PBXGroup;
			children = (
				AC3DA73B1FCCC2EF00701CCC /* Settings.plist */,
				AC3DA7381FCCBB7C00701CCC /* Initialization.h */,
				AC3DA7391FCCBB7C00701CCC /* Initialization.m */,
				AC3DA7241FCCB99C00701CCC /* AppDelegate.h */,
				AC3DA7251FCCB99C00701CCC /* AppDelegate.m */,
				ACDC71B61FD6E9EA004EFCBB /* CheckBoxTableCellView.h */,
				ACDC71B71FD6E9EA004EFCBB /* CheckBoxTableCellView.m */,
				ACDC71B31FD6E52C004EFCBB /* DescriptionTableCellView.h */,
				ACDC71B41FD6E52C004EFCBB /* DescriptionTableCellView.m */,
				ACDC71B91FD6F448004EFCBB /* PopUpTableCellView.h */,
				ACDC71BA1FD6F448004EFCBB /* PopUpTableCellView.m */,
				AC3DA7271FCCB99C00701CCC /* ViewController.h */,
				AC3DA7281FCCB99C00701CCC /* ViewController.m */,
				AC3DA72A1FCCB99C00701CCC /* Assets.xcassets */,
				AC3DA72C1FCCB99C00701CCC /* Main.storyboard */,
				AC3DA72F1FCCB99C00701CCC /* Info.plist */,
				AC3DA7301FCCB99C00701CCC /* main.m */,
			);
			path = "Nice Shot";
			sourceTree = "<group>";
		};
/* End PBXGroup section */

/* Begin PBXNativeTarget section */
		AC3DA7201FCCB99C00701CCC /* Nice Shot */ = {
			isa = PBXNativeTarget;
			buildConfigurationList = AC3DA7351FCCB99C00701CCC /* Build configuration list for PBXNativeTarget "Nice Shot" */;
			buildPhases = (
				AC3DA71D1FCCB99C00701CCC /* Sources */,
				AC3DA71E1FCCB99C00701CCC /* Frameworks */,
				AC3DA71F1FCCB99C00701CCC /* Resources */,
			);
			buildRules = (
			);
			dependencies = (
			);
			name = "Nice Shot";
			productName = "Nice Shot";
			productReference = AC3DA7211FCCB99C00701CCC /* Nice Shot.app */;
			productType = "com.apple.product-type.application";
		};
/* End PBXNativeTarget section */

/* Begin PBXProject section */
		AC3DA7191FCCB99C00701CCC /* Project object */ = {
			isa = PBXProject;
			attributes = {
				LastUpgradeCheck = 0910;
				ORGANIZATIONNAME = Haltepunkt;
				TargetAttributes = {
					AC3DA7201FCCB99C00701CCC = {
						CreatedOnToolsVersion = 9.1;
						ProvisioningStyle = Automatic;
					};
				};
			};
			buildConfigurationList = AC3DA71C1FCCB99C00701CCC /* Build configuration list for PBXProject "Nice Shot" */;
			compatibilityVersion = "Xcode 8.0";
			developmentRegion = en;
			hasScannedForEncodings = 0;
			knownRegions = (
				en,
				Base,
			);
			mainGroup = AC3DA7181FCCB99C00701CCC;
			productRefGroup = AC3DA7221FCCB99C00701CCC /* Products */;
			projectDirPath = "";
			projectRoot = "";
			targets = (
				AC3DA7201FCCB99C00701CCC /* Nice Shot */,
			);
		};
/* End PBXProject section */

/* Begin PBXResourcesBuildPhase section */
		AC3DA71F1FCCB99C00701CCC /* Resources */ = {
			isa = PBXResourcesBuildPhase;
			buildActionMask = 2147483647;
			files = (
				AC3DA73C1FCCC2EF00701CCC /* Settings.plist in Resources */,
				AC3DA72B1FCCB99C00701CCC /* Assets.xcassets in Resources */,
				AC3DA72E1FCCB99C00701CCC /* Main.storyboard in Resources */,
			);
			runOnlyForDeploymentPostprocessing = 0;
		};
/* End PBXResourcesBuildPhase section */

/* Begin PBXSourcesBuildPhase section */
		AC3DA71D1FCCB99C00701CCC /* Sources */ = {
			isa = PBXSourcesBuildPhase;
			buildActionMask = 2147483647;
			files = (
				AC3DA7291FCCB99C00701CCC /* ViewController.m in Sources */,
				AC3DA7311FCCB99C00701CCC /* main.m in Sources */,
				AC3DA7261FCCB99C00701CCC /* AppDelegate.m in Sources */,
				AC3DA73A1FCCBB7C00701CCC /* Initialization.m in Sources */,
				ACDC71B81FD6E9EA004EFCBB /* CheckBoxTableCellView.m in Sources */,
				ACDC71BB1FD6F448004EFCBB /* PopUpTableCellView.m in Sources */,
				ACDC71B51FD6E52C004EFCBB /* DescriptionTableCellView.m in Sources */,
			);
			runOnlyForDeploymentPostprocessing = 0;
		};
/* End PBXSourcesBuildPhase section */

/* Begin PBXVariantGroup section */
		AC3DA72C1FCCB99C00701CCC /* Main.storyboard */ = {
			isa = PBXVariantGroup;
			children = (
				AC3DA72D1FCCB99C00701CCC /* Base */,
			);
			name = Main.storyboard;
			sourceTree = "<group>";
		};
/* End PBXVariantGroup section */

/* Begin XCBuildConfiguration section */
		AC3DA7331FCCB99C00701CCC /* Debug */ = {
			isa = XCBuildConfiguration;
			buildSettings = {
				ALWAYS_SEARCH_USER_PATHS = NO;
				CLANG_ANALYZER_NONNULL = YES;
				CLANG_ANALYZER_NUMBER_OBJECT_CONVERSION = YES_AGGRESSIVE;
				CLANG_CXX_LANGUAGE_STANDARD = "gnu++14";
				CLANG_CXX_LIBRARY = "libc++";
				CLANG_ENABLE_MODULES = YES;
				CLANG_ENABLE_OBJC_ARC = YES;
				CLANG_WARN_BLOCK_CAPTURE_AUTORELEASING = YES;
				CLANG_WARN_BOOL_CONVERSION = YES;
				CLANG_WARN_COMMA = YES;
				CLANG_WARN_CONSTANT_CONVERSION = YES;
				CLANG_WARN_DIRECT_OBJC_ISA_USAGE = YES_ERROR;
				CLANG_WARN_DOCUMENTATION_COMMENTS = YES;
				CLANG_WARN_EMPTY_BODY = YES;
				CLANG_WARN_ENUM_CONVERSION = YES;
				CLANG_WARN_INFINITE_RECURSION = YES;
				CLANG_WARN_INT_CONVERSION = YES;
				CLANG_WARN_NON_LITERAL_NULL_CONVERSION = YES;
				CLANG_WARN_OBJC_LITERAL_CONVERSION = YES;
				CLANG_WARN_OBJC_ROOT_CLASS = YES_ERROR;
				CLANG_WARN_RANGE_LOOP_ANALYSIS = YES;
				CLANG_WARN_STRICT_PROTOTYPES = YES;
				CLANG_WARN_SUSPICIOUS_MOVE = YES;
				CLANG_WARN_UNGUARDED_AVAILABILITY = YES_AGGRESSIVE;
				CLANG_WARN_UNREACHABLE_CODE = YES;
				CLANG_WARN__DUPLICATE_METHOD_MATCH = YES;
				CODE_SIGN_IDENTITY = "";
				COPY_PHASE_STRIP = NO;
				DEBUG_INFORMATION_FORMAT = dwarf;
				ENABLE_STRICT_OBJC_MSGSEND = YES;
				ENABLE_TESTABILITY = YES;
				GCC_C_LANGUAGE_STANDARD = gnu11;
				GCC_DYNAMIC_NO_PIC = NO;
				GCC_NO_COMMON_BLOCKS = YES;
				GCC_OPTIMIZATION_LEVEL = 0;
				GCC_PREPROCESSOR_DEFINITIONS = (
					"DEBUG=1",
					"$(inherited)",
				);
				GCC_WARN_64_TO_32_BIT_CONVERSION = YES;
				GCC_WARN_ABOUT_RETURN_TYPE = YES_ERROR;
				GCC_WARN_UNDECLARED_SELECTOR = YES;
				GCC_WARN_UNINITIALIZED_AUTOS = YES_AGGRESSIVE;
				GCC_WARN_UNUSED_FUNCTION = YES;
				GCC_WARN_UNUSED_VARIABLE = YES;
				MACOSX_DEPLOYMENT_TARGET = 10.12;
				MTL_ENABLE_DEBUG_INFO = YES;
				ONLY_ACTIVE_ARCH = YES;
				SDKROOT = macosx;
			};
			name = Debug;
		};
		AC3DA7341FCCB99C00701CCC /* Release */ = {
			isa = XCBuildConfiguration;
			buildSettings = {
				ALWAYS_SEARCH_USER_PATHS = NO;
				CLANG_ANALYZER_NONNULL = YES;
				CLANG_ANALYZER_NUMBER_OBJECT_CONVERSION = YES_AGGRESSIVE;
				CLANG_CXX_LANGUAGE_STANDARD = "gnu++14";
				CLANG_CXX_LIBRARY = "libc++";
				CLANG_ENABLE_MODULES = YES;
				CLANG_ENABLE_OBJC_ARC = YES;
				CLANG_WARN_BLOCK_CAPTURE_AUTORELEASING = YES;
				CLANG_WARN_BOOL_CONVERSION = YES;
				CLANG_WARN_COMMA = YES;
				CLANG_WARN_CONSTANT_CONVERSION = YES;
				CLANG_WARN_DIRECT_OBJC_ISA_USAGE = YES_ERROR;
				CLANG_WARN_DOCUMENTATION_COMMENTS = YES;
				CLANG_WARN_EMPTY_BODY = YES;
				CLANG_WARN_ENUM_CONVERSION = YES;
				CLANG_WARN_INFINITE_RECURSION = YES;
				CLANG_WARN_INT_CONVERSION = YES;
				CLANG_WARN_NON_LITERAL_NULL_CONVERSION = YES;
				CLANG_WARN_OBJC_LITERAL_CONVERSION = YES;
				CLANG_WARN_OBJC_ROOT_CLASS = YES_ERROR;
				CLANG_WARN_RANGE_LOOP_ANALYSIS = YES;
				CLANG_WARN_STRICT_PROTOTYPES = YES;
				CLANG_WARN_SUSPICIOUS_MOVE = YES;
				CLANG_WARN_UNGUARDED_AVAILABILITY = YES_AGGRESSIVE;
				CLANG_WARN_UNREACHABLE_CODE = YES;
				CLANG_WARN__DUPLICATE_METHOD_MATCH = YES;
				CODE_SIGN_IDENTITY = "";
				COPY_PHASE_STRIP = NO;
				DEBUG_INFORMATION_FORMAT = "dwarf-with-dsym";
				ENABLE_NS_ASSERTIONS = NO;
				ENABLE_STRICT_OBJC_MSGSEND = YES;
				GCC_C_LANGUAGE_STANDARD = gnu11;
				GCC_NO_COMMON_BLOCKS = YES;
				GCC_WARN_64_TO_32_BIT_CONVERSION = YES;
				GCC_WARN_ABOUT_RETURN_TYPE = YES_ERROR;
				GCC_WARN_UNDECLARED_SELECTOR = YES;
				GCC_WARN_UNINITIALIZED_AUTOS = YES_AGGRESSIVE;
				GCC_WARN_UNUSED_FUNCTION = YES;
				GCC_WARN_UNUSED_VARIABLE = YES;
				MACOSX_DEPLOYMENT_TARGET = 10.12;
				MTL_ENABLE_DEBUG_INFO = NO;
				SDKROOT = macosx;
			};
			name = Release;
		};
		AC3DA7361FCCB99C00701CCC /* Debug */ = {
			isa = XCBuildConfiguration;
			buildSettings = {
				ASSETCATALOG_COMPILER_APPICON_NAME = AppIcon;
				CODE_SIGN_ENTITLEMENTS = "";
				CODE_SIGN_IDENTITY = "";
				CODE_SIGN_STYLE = Automatic;
				COMBINE_HIDPI_IMAGES = YES;
				DEVELOPMENT_TEAM = "";
				INFOPLIST_FILE = "Nice Shot/Info.plist";
				LD_RUNPATH_SEARCH_PATHS = "$(inherited) @executable_path/../Frameworks";
				MACOSX_DEPLOYMENT_TARGET = 10.10;
				PRODUCT_BUNDLE_IDENTIFIER = haltepunkt.niceshot;
				PRODUCT_NAME = "$(TARGET_NAME)";
				PROVISIONING_PROFILE_SPECIFIER = "";
			};
			name = Debug;
		};
		AC3DA7371FCCB99C00701CCC /* Release */ = {
			isa = XCBuildConfiguration;
			buildSettings = {
				ASSETCATALOG_COMPILER_APPICON_NAME = AppIcon;
				CODE_SIGN_ENTITLEMENTS = "";
				CODE_SIGN_IDENTITY = "";
				CODE_SIGN_STYLE = Automatic;
				COMBINE_HIDPI_IMAGES = YES;
				DEVELOPMENT_TEAM = "";
				INFOPLIST_FILE = "Nice Shot/Info.plist";
				LD_RUNPATH_SEARCH_PATHS = "$(inherited) @executable_path/../Frameworks";
				MACOSX_DEPLOYMENT_TARGET = 10.10;
				PRODUCT_BUNDLE_IDENTIFIER = haltepunkt.niceshot;
				PRODUCT_NAME = "$(TARGET_NAME)";
				PROVISIONING_PROFILE_SPECIFIER = "";
			};
			name = Release;
		};
/* End XCBuildConfiguration section */

/* Begin XCConfigurationList section */
		AC3DA71C1FCCB99C00701CCC /* Build configuration list for PBXProject "Nice Shot" */ = {
			isa = XCConfigurationList;
			buildConfigurations = (
				AC3DA7331FCCB99C00701CCC /* Debug */,
				AC3DA7341FCCB99C00701CCC /* Release */,
			);
			defaultConfigurationIsVisible = 0;
			defaultConfigurationName = Release;
		};
		AC3DA7351FCCB99C00701CCC /* Build configuration list for PBXNativeTarget "Nice Shot" */ = {
			isa = XCConfigurationList;
			buildConfigurations = (
				AC3DA7361FCCB99C00701CCC /* Debug */,
				AC3DA7371FCCB99C00701CCC /* Release */,
			);
			defaultConfigurationIsVisible = 0;
			defaultConfigurationName = Release;
		};
/* End XCConfigurationList section */
	};
	rootObject = AC3DA7191FCCB99C00701CCC /* Project object */;
}
